
Microsoft Visual Studio Solution File, Format Version 12.00
# Visual Studio Version 16
VisualStudioVersion = 16.0.29009.5
MinimumVisualStudioVersion = 10.0.40219.1
Project("{8BC9CEB8-8B4A-11D0-8D11-00A0C91BC942}") = "Word_Occurrences_FromFile_Using_Maps_and_Sets", "Word_Occurrences_FromFile_Using_Maps_and_Sets\Word_Occurrences_FromFile_Using_Maps_and_Sets.vcxproj", "{8ACCB882-C231-440A-B765-F0004FE17386}"
EndProject
Global
	GlobalSection(SolutionConfigurationPlatforms) = preSolution
		Debug|x64 = Debug|x64
		Debug|x86 = Debug|x86
		Release|x64 = Release|x64
		Release|x86 = Release|x86
	EndGlobalSection
	GlobalSection(ProjectConfigurationPlatforms) = postSolution
		{8ACCB882-C231-440A-B765-F0004FE17386}.Debug|x64.ActiveCfg = Debug|x64
		{8ACCB882-C231-440A-B765-F0004FE17386}.Debug|x64.Build.0 = Debug|x64
		{8ACCB882-C231-440A-B765-F0004FE17386}.Debug|x86.ActiveCfg = Debug|Win32
		{8ACCB882-C231-440A-B765-F0004FE17386}.Debug|x86.Build.0 = Debug|Win32
		{8ACCB882-C231-440A-B765-F0004FE17386}.Release|x64.ActiveCfg = Release|x64
		{8ACCB882-C231-440A-B765-F0004FE17386}.Release|x64.Build.0 = Release|x64
		{8ACCB882-C231-440A-B765-F0004FE17386}.Release|x86.ActiveCfg = Release|Win32
		{8ACCB882-C231-440A-B765-F0004FE17386}.Release|x86.Build.0 = Release|Win32
	EndGlobalSection
	GlobalSection(SolutionProperties) = preSolution
		HideSolutionNode = FALSE
	EndGlobalSection
	GlobalSection(ExtensibilityGlobals) = postSolution
		SolutionGuid = {C8BBB427-283C-48AE-A939-11B0465E6F04}
	EndGlobalSection
EndGlobal
